
Microsoft Visual Studio Solution File, Format Version 12.00
# Visual Studio Version 16
VisualStudioVersion = 16.0.30128.74
MinimumVisualStudioVersion = 10.0.40219.1
Project("{FAE04EC0-301F-11D3-BF4B-00C04F79EFBC}") = "Authorization", "Authorization.csproj", "{FA204A2B-2176-4046-BA90-35BFF4BFE3C5}"
EndProject
Global
	GlobalSection(SolutionConfigurationPlatforms) = preSolution
		Debug|Any CPU = Debug|Any CPU
		Release|Any CPU = Release|Any CPU
	EndGlobalSection
	GlobalSection(ProjectConfigurationPlatforms) = postSolution
		{FA204A2B-2176-4046-BA90-35BFF4BFE3C5}.Debug|Any CPU.ActiveCfg = Debug|Any CPU
		{FA204A2B-2176-4046-BA90-35BFF4BFE3C5}.Debug|Any CPU.Build.0 = Debug|Any CPU
		{FA204A2B-2176-4046-BA90-35BFF4BFE3C5}.Release|Any CPU.ActiveCfg = Release|Any CPU
		{FA204A2B-2176-4046-BA90-35BFF4BFE3C5}.Release|Any CPU.Build.0 = Release|Any CPU
	EndGlobalSection
	GlobalSection(SolutionProperties) = preSolution
		HideSolutionNode = FALSE
	EndGlobalSection
	GlobalSection(ExtensibilityGlobals) = postSolution
		SolutionGuid = {8687E02F-E632-4D75-9A5D-97D72BD0FDB2}
	EndGlobalSection
EndGlobal
